
Microsoft Visual Studio Solution File, Format Version 12.00
# Visual Studio Version 17
VisualStudioVersion = 17.8.34309.116
MinimumVisualStudioVersion = 10.0.40219.1
Project("{9A19103F-16F7-4668-BE54-9A1E7A4F7556}") = "ChalkChat.UI", "ChalkChat.UI\ChalkChat.UI.csproj", "{0DD1D06D-1E75-4DC6-B248-DD3EF2061AB9}"
EndProject
Project("{9A19103F-16F7-4668-BE54-9A1E7A4F7556}") = "ChalkChat.Data", "ChalkChat.Data\ChalkChat.Data.csproj", "{0430BBC8-D696-473F-8202-3631BE8AC5F2}"
EndProject
Project("{9A19103F-16F7-4668-BE54-9A1E7A4F7556}") = "ChalkChat.App", "ChalkChat.App\ChalkChat.App.csproj", "{EF71C847-6BE6-43CB-BB52-8A1DE660B73B}"
EndProject
Global
	GlobalSection(SolutionConfigurationPlatforms) = preSolution
		Debug|Any CPU = Debug|Any CPU
		Release|Any CPU = Release|Any CPU
	EndGlobalSection
	GlobalSection(ProjectConfigurationPlatforms) = postSolution
		{0DD1D06D-1E75-4DC6-B248-DD3EF2061AB9}.Debug|Any CPU.ActiveCfg = Debug|Any CPU
		{0DD1D06D-1E75-4DC6-B248-DD3EF2061AB9}.Debug|Any CPU.Build.0 = Debug|Any CPU
		{0DD1D06D-1E75-4DC6-B248-DD3EF2061AB9}.Release|Any CPU.ActiveCfg = Release|Any CPU
		{0DD1D06D-1E75-4DC6-B248-DD3EF2061AB9}.Release|Any CPU.Build.0 = Release|Any CPU
		{0430BBC8-D696-473F-8202-3631BE8AC5F2}.Debug|Any CPU.ActiveCfg = Debug|Any CPU
		{0430BBC8-D696-473F-8202-3631BE8AC5F2}.Debug|Any CPU.Build.0 = Debug|Any CPU
		{0430BBC8-D696-473F-8202-3631BE8AC5F2}.Release|Any CPU.ActiveCfg = Release|Any CPU
		{0430BBC8-D696-473F-8202-3631BE8AC5F2}.Release|Any CPU.Build.0 = Release|Any CPU
		{EF71C847-6BE6-43CB-BB52-8A1DE660B73B}.Debug|Any CPU.ActiveCfg = Debug|Any CPU
		{EF71C847-6BE6-43CB-BB52-8A1DE660B73B}.Debug|Any CPU.Build.0 = Debug|Any CPU
		{EF71C847-6BE6-43CB-BB52-8A1DE660B73B}.Release|Any CPU.ActiveCfg = Release|Any CPU
		{EF71C847-6BE6-43CB-BB52-8A1DE660B73B}.Release|Any CPU.Build.0 = Release|Any CPU
	EndGlobalSection
	GlobalSection(SolutionProperties) = preSolution
		HideSolutionNode = FALSE
	EndGlobalSection
	GlobalSection(ExtensibilityGlobals) = postSolution
		SolutionGuid = {14AF5CD0-42B6-4E81-A1D4-58950F0126B4}
	EndGlobalSection
EndGlobal
